// !$*UTF8*$!
{
	archiveVersion = 1;
	classes = {
	};
	objectVersion = 46;
	objects = {

/* Begin PBXBuildFile section */
		140EC8371CD8BCF3007A6FC1 /* Foundation+Log.m in Sources */ = {isa = PBXBuildFile; fileRef = 140EC8361CD8BCF3007A6FC1 /* Foundation+Log.m */; };
		140EC83E1CD8CCD6007A6FC1 /* XLRecommendCatogoryCell.m in Sources */ = {isa = PBXBuildFile; fileRef = 140EC83C1CD8CCD6007A6FC1 /* XLRecommendCatogoryCell.m */; };
		140EC83F1CD8CCD6007A6FC1 /* XLRecommendCatogoryCell.xib in Resources */ = {isa = PBXBuildFile; fileRef = 140EC83D1CD8CCD6007A6FC1 /* XLRecommendCatogoryCell.xib */; };
		140EC8421CD8D134007A6FC1 /* XLRecommendCategory.m in Sources */ = {isa = PBXBuildFile; fileRef = 140EC8411CD8D134007A6FC1 /* XLRecommendCategory.m */; };
		142D2A3A1CEB3C4200F624E7 /* XLPushGuideView.m in Sources */ = {isa = PBXBuildFile; fileRef = 142D2A391CEB3C4200F624E7 /* XLPushGuideView.m */; };
		142D2A3C1CEB3C5300F624E7 /* XLPushGuideView.xib in Resources */ = {isa = PBXBuildFile; fileRef = 142D2A3B1CEB3C5300F624E7 /* XLPushGuideView.xib */; };
		14461DD41CDA113800305DDD /* XLRecommendUser.m in Sources */ = {isa = PBXBuildFile; fileRef = 14461DD31CDA113800305DDD /* XLRecommendUser.m */; };
		14461DD81CDA14EF00305DDD /* XLRecommendUserCell.m in Sources */ = {isa = PBXBuildFile; fileRef = 14461DD61CDA14EF00305DDD /* XLRecommendUserCell.m */; };
		14461DD91CDA14EF00305DDD /* XLRecommendUserCell.xib in Resources */ = {isa = PBXBuildFile; fileRef = 14461DD71CDA14EF00305DDD /* XLRecommendUserCell.xib */; };
		144684021CE20E0800D37E54 /* XLLoginRegisterViewController.m in Sources */ = {isa = PBXBuildFile; fileRef = 144684001CE20E0800D37E54 /* XLLoginRegisterViewController.m */; };
		144684031CE20E0800D37E54 /* XLLoginRegisterViewController.xib in Resources */ = {isa = PBXBuildFile; fileRef = 144684011CE20E0800D37E54 /* XLLoginRegisterViewController.xib */; };
		144684061CE2130300D37E54 /* XLVerticalButton.m in Sources */ = {isa = PBXBuildFile; fileRef = 144684051CE2130300D37E54 /* XLVerticalButton.m */; };
		14523C441CD6521C00F44384 /* main.m in Sources */ = {isa = PBXBuildFile; fileRef = 14523C431CD6521C00F44384 /* main.m */; };
		14523C471CD6521C00F44384 /* AppDelegate.m in Sources */ = {isa = PBXBuildFile; fileRef = 14523C461CD6521C00F44384 /* AppDelegate.m */; };
		14523C4F1CD6521C00F44384 /* Assets.xcassets in Resources */ = {isa = PBXBuildFile; fileRef = 14523C4E1CD6521C00F44384 /* Assets.xcassets */; };
		14523C5D1CD6521C00F44384 /* ______KDL_UITests.m in Sources */ = {isa = PBXBuildFile; fileRef = 14523C5C1CD6521C00F44384 /* ______KDL_UITests.m */; };
		145440CE1CE0A63B00B56002 /* XLRecommendTagsViewController.m in Sources */ = {isa = PBXBuildFile; fileRef = 145440CC1CE0A63B00B56002 /* XLRecommendTagsViewController.m */; };
		145440CF1CE0A63B00B56002 /* XLRecommendTagsViewController.xib in Resources */ = {isa = PBXBuildFile; fileRef = 145440CD1CE0A63B00B56002 /* XLRecommendTagsViewController.xib */; };
		145440D31CE0A72B00B56002 /* XLRecommendTagCell.m in Sources */ = {isa = PBXBuildFile; fileRef = 145440D11CE0A72B00B56002 /* XLRecommendTagCell.m */; };
		145440D41CE0A72B00B56002 /* XLRecommendTagCell.xib in Resources */ = {isa = PBXBuildFile; fileRef = 145440D21CE0A72B00B56002 /* XLRecommendTagCell.xib */; };
		145440D71CE0AE7900B56002 /* XLRecommentTags.m in Sources */ = {isa = PBXBuildFile; fileRef = 145440D61CE0AE7900B56002 /* XLRecommentTags.m */; };
		1466FF461CFAC57000571A87 /* XLTopicViewController.m in Sources */ = {isa = PBXBuildFile; fileRef = 1466FF451CFAC57000571A87 /* XLTopicViewController.m */; };
		147282F81D1F98050058B286 /* XLPublishView.m in Sources */ = {isa = PBXBuildFile; fileRef = 147282F61D1F98050058B286 /* XLPublishView.m */; };
		147282F91D1F98050058B286 /* XLPublishView.xib in Resources */ = {isa = PBXBuildFile; fileRef = 147282F71D1F98050058B286 /* XLPublishView.xib */; };
		147CD9671CE85AD10047BD8C /* XLTextField.m in Sources */ = {isa = PBXBuildFile; fileRef = 147CD9661CE85AD10047BD8C /* XLTextField.m */; };
		14C1AD7C1D0BD65100020125 /* XLProgressView.m in Sources */ = {isa = PBXBuildFile; fileRef = 14C1AD7B1D0BD65100020125 /* XLProgressView.m */; };
		14E191F41D0A8C440063DB29 /* XLTopicPictureView.m in Sources */ = {isa = PBXBuildFile; fileRef = 14E191F31D0A8C440063DB29 /* XLTopicPictureView.m */; };
		14E191F61D0A8C520063DB29 /* XLTopicPictureView.xib in Resources */ = {isa = PBXBuildFile; fileRef = 14E191F51D0A8C520063DB29 /* XLTopicPictureView.xib */; };
		14EE4AF81CFA8730002A28A9 /* XLTopic.m in Sources */ = {isa = PBXBuildFile; fileRef = 14EE4AF71CFA8730002A28A9 /* XLTopic.m */; };
		14EE4AFB1CFA9B90002A28A9 /* XLConst.m in Sources */ = {isa = PBXBuildFile; fileRef = 14EE4AFA1CFA9B90002A28A9 /* XLConst.m */; };
		14EE4AFF1CFAA316002A28A9 /* XLTopicCell.m in Sources */ = {isa = PBXBuildFile; fileRef = 14EE4AFD1CFAA316002A28A9 /* XLTopicCell.m */; };
		14EE4B001CFAA316002A28A9 /* XLTopicCell.xib in Resources */ = {isa = PBXBuildFile; fileRef = 14EE4AFE1CFAA316002A28A9 /* XLTopicCell.xib */; };
		14EE4B031CFAB30B002A28A9 /* NSDate+XLExtension.m in Sources */ = {isa = PBXBuildFile; fileRef = 14EE4B021CFAB30B002A28A9 /* NSDate+XLExtension.m */; };
		14EF36BD1D0BD03300917838 /* XLShowPictureViewController.m in Sources */ = {isa = PBXBuildFile; fileRef = 14EF36BB1D0BD03300917838 /* XLShowPictureViewController.m */; };
		14EF36BE1D0BD03300917838 /* XLShowPictureViewController.xib in Resources */ = {isa = PBXBuildFile; fileRef = 14EF36BC1D0BD03300917838 /* XLShowPictureViewController.xib */; };
		14F0163F1CD70BD000723793 /* XLFriendTrendsViewController.m in Sources */ = {isa = PBXBuildFile; fileRef = 14F016231CD70BD000723793 /* XLFriendTrendsViewController.m */; };
		14F016401CD70BD000723793 /* XLMeViewController.m in Sources */ = {isa = PBXBuildFile; fileRef = 14F016291CD70BD000723793 /* XLMeViewController.m */; };
		14F016411CD70BD000723793 /* XLNewViewController.m in Sources */ = {isa = PBXBuildFile; fileRef = 14F0162F1CD70BD000723793 /* XLNewViewController.m */; };
		14F016421CD70BD000723793 /* UIBarButtonItem+XLExtension.m in Sources */ = {isa = PBXBuildFile; fileRef = 14F016351CD70BD000723793 /* UIBarButtonItem+XLExtension.m */; };
		14F016431CD70BD000723793 /* UIView+XLExtension.m in Sources */ = {isa = PBXBuildFile; fileRef = 14F016371CD70BD000723793 /* UIView+XLExtension.m */; };
		14F016441CD70BD000723793 /* XLTabBarViewController.m in Sources */ = {isa = PBXBuildFile; fileRef = 14F0163A1CD70BD000723793 /* XLTabBarViewController.m */; };
		14F016451CD70BD000723793 /* XLTabBar.m in Sources */ = {isa = PBXBuildFile; fileRef = 14F0163D1CD70BD000723793 /* XLTabBar.m */; };
		14F0164E1CD70E6C00723793 /* XLNavigationController.m in Sources */ = {isa = PBXBuildFile; fileRef = 14F0164D1CD70E6C00723793 /* XLNavigationController.m */; };
		14F016571CD717FB00723793 /* XLEssenceViewController.m in Sources */ = {isa = PBXBuildFile; fileRef = 14F016561CD717FB00723793 /* XLEssenceViewController.m */; };
		14F0165B1CD719DF00723793 /* XLFriendTrendsViewController.xib in Resources */ = {isa = PBXBuildFile; fileRef = 14F0165A1CD719DF00723793 /* XLFriendTrendsViewController.xib */; };
		14F0165F1CD7248900723793 /* XLRecommendViewController.m in Sources */ = {isa = PBXBuildFile; fileRef = 14F0165D1CD7248900723793 /* XLRecommendViewController.m */; };
		14F016601CD7248900723793 /* XLRecommendViewController.xib in Resources */ = {isa = PBXBuildFile; fileRef = 14F0165E1CD7248900723793 /* XLRecommendViewController.xib */; };
		59CF4C07611A99C6980577CF /* libPods.a in Frameworks */ = {isa = PBXBuildFile; fileRef = 0E30F367BB59E04CAC0D2C7C /* libPods.a */; };
/* End PBXBuildFile section */

/* Begin PBXContainerItemProxy section */
		14523C591CD6521C00F44384 /* PBXContainerItemProxy */ = {
			isa = PBXContainerItemProxy;
			containerPortal = 14523C371CD6521C00F44384 /* Project object */;
			proxyType = 1;
			remoteGlobalIDString = 14523C3E1CD6521C00F44384;
			remoteInfo = "百思不得姐(KDL)";
		};
/* End PBXContainerItemProxy section */

/* Begin PBXFileReference section */
		0E30F367BB59E04CAC0D2C7C /* libPods.a */ = {isa = PBXFileReference; explicitFileType = archive.ar; includeInIndex = 0; path = libPods.a; sourceTree = BUILT_PRODUCTS_DIR; };
		140EC8361CD8BCF3007A6FC1 /* Foundation+Log.m */ = {isa = PBXFileReference; fileEncoding = 4; lastKnownFileType = sourcecode.c.objc; path = "Foundation+Log.m"; sourceTree = "<group>"; };
		140EC83B1CD8CCD6007A6FC1 /* XLRecommendCatogoryCell.h */ = {isa = PBXFileReference; fileEncoding = 4; lastKnownFileType = sourcecode.c.h; path = XLRecommendCatogoryCell.h; sourceTree = "<group>"; };
		140EC83C1CD8CCD6007A6FC1 /* XLRecommendCatogoryCell.m */ = {isa = PBXFileReference; fileEncoding = 4; lastKnownFileType = sourcecode.c.objc; path = XLRecommendCatogoryCell.m; sourceTree = "<group>"; };
		140EC83D1CD8CCD6007A6FC1 /* XLRecommendCatogoryCell.xib */ = {isa = PBXFileReference; fileEncoding = 4; lastKnownFileType = file.xib; path = XLRecommendCatogoryCell.xib; sourceTree = "<group>"; };
		140EC8401CD8D134007A6FC1 /* XLRecommendCategory.h */ = {isa = PBXFileReference; fileEncoding = 4; lastKnownFileType = sourcecode.c.h; path = XLRecommendCategory.h; sourceTree = "<group>"; };
		140EC8411CD8D134007A6FC1 /* XLRecommendCategory.m */ = {isa = PBXFileReference; fileEncoding = 4; lastKnownFileType = sourcecode.c.objc; path = XLRecommendCategory.m; sourceTree = "<group>"; };
		142D2A381CEB3C4200F624E7 /* XLPushGuideView.h */ = {isa = PBXFileReference; fileEncoding = 4; lastKnownFileType = sourcecode.c.h; path = XLPushGuideView.h; sourceTree = "<group>"; };
		142D2A391CEB3C4200F624E7 /* XLPushGuideView.m */ = {isa = PBXFileReference; fileEncoding = 4; lastKnownFileType = sourcecode.c.objc; path = XLPushGuideView.m; sourceTree = "<group>"; };
		142D2A3B1CEB3C5300F624E7 /* XLPushGuideView.xib */ = {isa = PBXFileReference; fileEncoding = 4; lastKnownFileType = file.xib; path = XLPushGuideView.xib; sourceTree = "<group>"; };
		14461DD21CDA113800305DDD /* XLRecommendUser.h */ = {isa = PBXFileReference; fileEncoding = 4; lastKnownFileType = sourcecode.c.h; path = XLRecommendUser.h; sourceTree = "<group>"; };
		14461DD31CDA113800305DDD /* XLRecommendUser.m */ = {isa = PBXFileReference; fileEncoding = 4; lastKnownFileType = sourcecode.c.objc; path = XLRecommendUser.m; sourceTree = "<group>"; };
		14461DD51CDA14EF00305DDD /* XLRecommendUserCell.h */ = {isa = PBXFileReference; fileEncoding = 4; lastKnownFileType = sourcecode.c.h; path = XLRecommendUserCell.h; sourceTree = "<group>"; };
		14461DD61CDA14EF00305DDD /* XLRecommendUserCell.m */ = {isa = PBXFileReference; fileEncoding = 4; lastKnownFileType = sourcecode.c.objc; path = XLRecommendUserCell.m; sourceTree = "<group>"; };
		14461DD71CDA14EF00305DDD /* XLRecommendUserCell.xib */ = {isa = PBXFileReference; fileEncoding = 4; lastKnownFileType = file.xib; path = XLRecommendUserCell.xib; sourceTree = "<group>"; };
		144683FF1CE20E0800D37E54 /* XLLoginRegisterViewController.h */ = {isa = PBXFileReference; fileEncoding = 4; lastKnownFileType = sourcecode.c.h; path = XLLoginRegisterViewController.h; sourceTree = "<group>"; };
		144684001CE20E0800D37E54 /* XLLoginRegisterViewController.m */ = {isa = PBXFileReference; fileEncoding = 4; lastKnownFileType = sourcecode.c.objc; path = XLLoginRegisterViewController.m; sourceTree = "<group>"; };
		144684011CE20E0800D37E54 /* XLLoginRegisterViewController.xib */ = {isa = PBXFileReference; fileEncoding = 4; lastKnownFileType = file.xib; path = XLLoginRegisterViewController.xib; sourceTree = "<group>"; };
		144684041CE2130300D37E54 /* XLVerticalButton.h */ = {isa = PBXFileReference; fileEncoding = 4; lastKnownFileType = sourcecode.c.h; path = XLVerticalButton.h; sourceTree = "<group>"; };
		144684051CE2130300D37E54 /* XLVerticalButton.m */ = {isa = PBXFileReference; fileEncoding = 4; lastKnownFileType = sourcecode.c.objc; path = XLVerticalButton.m; sourceTree = "<group>"; };
		14523C3F1CD6521C00F44384 /* 百思不得姐(KDL).app */ = {isa = PBXFileReference; explicitFileType = wrapper.application; includeInIndex = 0; path = "百思不得姐(KDL).app"; sourceTree = BUILT_PRODUCTS_DIR; };
		14523C431CD6521C00F44384 /* main.m */ = {isa = PBXFileReference; lastKnownFileType = sourcecode.c.objc; name = main.m; path = ../../main.m; sourceTree = "<group>"; };
		14523C451CD6521C00F44384 /* AppDelegate.h */ = {isa = PBXFileReference; lastKnownFileType = sourcecode.c.h; name = AppDelegate.h; path = ../../AppDelegate.h; sourceTree = "<group>"; };
		14523C461CD6521C00F44384 /* AppDelegate.m */ = {isa = PBXFileReference; lastKnownFileType = sourcecode.c.objc; name = AppDelegate.m; path = ../../AppDelegate.m; sourceTree = "<group>"; };
		14523C4E1CD6521C00F44384 /* Assets.xcassets */ = {isa = PBXFileReference; lastKnownFileType = folder.assetcatalog; path = Assets.xcassets; sourceTree = "<group>"; };
		14523C531CD6521C00F44384 /* Info.plist */ = {isa = PBXFileReference; lastKnownFileType = text.plist.xml; path = Info.plist; sourceTree = "<group>"; };
		14523C581CD6521C00F44384 /* 百思不得姐(KDL)UITests.xctest */ = {isa = PBXFileReference; explicitFileType = wrapper.cfbundle; includeInIndex = 0; path = "百思不得姐(KDL)UITests.xctest"; sourceTree = BUILT_PRODUCTS_DIR; };
		14523C5C1CD6521C00F44384 /* ______KDL_UITests.m */ = {isa = PBXFileReference; lastKnownFileType = sourcecode.c.objc; path = "______KDL_UITests.m"; sourceTree = "<group>"; };
		14523C5E1CD6521C00F44384 /* Info.plist */ = {isa = PBXFileReference; lastKnownFileType = text.plist.xml; path = Info.plist; sourceTree = "<group>"; };
		14523C7C1CD662D600F44384 /* XLPrefixHeader.pch */ = {isa = PBXFileReference; lastKnownFileType = sourcecode.c.h; name = XLPrefixHeader.pch; path = ../../XLPrefixHeader.pch; sourceTree = "<group>"; };
		145440CB1CE0A63B00B56002 /* XLRecommendTagsViewController.h */ = {isa = PBXFileReference; fileEncoding = 4; lastKnownFileType = sourcecode.c.h; path = XLRecommendTagsViewController.h; sourceTree = "<group>"; };
		145440CC1CE0A63B00B56002 /* XLRecommendTagsViewController.m */ = {isa = PBXFileReference; fileEncoding = 4; lastKnownFileType = sourcecode.c.objc; path = XLRecommendTagsViewController.m; sourceTree = "<group>"; };
		145440CD1CE0A63B00B56002 /* XLRecommendTagsViewController.xib */ = {isa = PBXFileReference; fileEncoding = 4; lastKnownFileType = file.xib; path = XLRecommendTagsViewController.xib; sourceTree = "<group>"; };
		145440D01CE0A72B00B56002 /* XLRecommendTagCell.h */ = {isa = PBXFileReference; fileEncoding = 4; lastKnownFileType = sourcecode.c.h; path = XLRecommendTagCell.h; sourceTree = "<group>"; };
		145440D11CE0A72B00B56002 /* XLRecommendTagCell.m */ = {isa = PBXFileReference; fileEncoding = 4; lastKnownFileType = sourcecode.c.objc; path = XLRecommendTagCell.m; sourceTree = "<group>"; };
		145440D21CE0A72B00B56002 /* XLRecommendTagCell.xib */ = {isa = PBXFileReference; fileEncoding = 4; lastKnownFileType = file.xib; path = XLRecommendTagCell.xib; sourceTree = "<group>"; };
		145440D51CE0AE7900B56002 /* XLRecommentTags.h */ = {isa = PBXFileReference; fileEncoding = 4; lastKnownFileType = sourcecode.c.h; path = XLRecommentTags.h; sourceTree = "<group>"; };
		145440D61CE0AE7900B56002 /* XLRecommentTags.m */ = {isa = PBXFileReference; fileEncoding = 4; lastKnownFileType = sourcecode.c.objc; path = XLRecommentTags.m; sourceTree = "<group>"; };
		1466FF441CFAC57000571A87 /* XLTopicViewController.h */ = {isa = PBXFileReference; fileEncoding = 4; lastKnownFileType = sourcecode.c.h; path = XLTopicViewController.h; sourceTree = "<group>"; };
		1466FF451CFAC57000571A87 /* XLTopicViewController.m */ = {isa = PBXFileReference; fileEncoding = 4; lastKnownFileType = sourcecode.c.objc; path = XLTopicViewController.m; sourceTree = "<group>"; };
		147282F51D1F98050058B286 /* XLPublishView.h */ = {isa = PBXFileReference; fileEncoding = 4; lastKnownFileType = sourcecode.c.h; name = XLPublishView.h; path = "../../Essence(精华)/Controller/XLPublishView.h"; sourceTree = "<group>"; };
		147282F61D1F98050058B286 /* XLPublishView.m */ = {isa = PBXFileReference; fileEncoding = 4; lastKnownFileType = sourcecode.c.objc; name = XLPublishView.m; path = "../../Essence(精华)/Controller/XLPublishView.m"; sourceTree = "<group>"; };
		147282F71D1F98050058B286 /* XLPublishView.xib */ = {isa = PBXFileReference; fileEncoding = 4; lastKnownFileType = file.xib; name = XLPublishView.xib; path = "../../Essence(精华)/Controller/XLPublishView.xib"; sourceTree = "<group>"; };
		147CD9651CE85AD10047BD8C /* XLTextField.h */ = {isa = PBXFileReference; fileEncoding = 4; lastKnownFileType = sourcecode.c.h; path = XLTextField.h; sourceTree = "<group>"; };
		147CD9661CE85AD10047BD8C /* XLTextField.m */ = {isa = PBXFileReference; fileEncoding = 4; lastKnownFileType = sourcecode.c.objc; path = XLTextField.m; sourceTree = "<group>"; };
		14C1AD7A1D0BD65100020125 /* XLProgressView.h */ = {isa = PBXFileReference; fileEncoding = 4; lastKnownFileType = sourcecode.c.h; path = XLProgressView.h; sourceTree = "<group>"; };
		14C1AD7B1D0BD65100020125 /* XLProgressView.m */ = {isa = PBXFileReference; fileEncoding = 4; lastKnownFileType = sourcecode.c.objc; path = XLProgressView.m; sourceTree = "<group>"; };
		14E191F21D0A8C440063DB29 /* XLTopicPictureView.h */ = {isa = PBXFileReference; fileEncoding = 4; lastKnownFileType = sourcecode.c.h; path = XLTopicPictureView.h; sourceTree = "<group>"; };
		14E191F31D0A8C440063DB29 /* XLTopicPictureView.m */ = {isa = PBXFileReference; fileEncoding = 4; lastKnownFileType = sourcecode.c.objc; path = XLTopicPictureView.m; sourceTree = "<group>"; };
		14E191F51D0A8C520063DB29 /* XLTopicPictureView.xib */ = {isa = PBXFileReference; fileEncoding = 4; lastKnownFileType = file.xib; path = XLTopicPictureView.xib; sourceTree = "<group>"; };
		14EE4AF61CFA8730002A28A9 /* XLTopic.h */ = {isa = PBXFileReference; fileEncoding = 4; lastKnownFileType = sourcecode.c.h; path = XLTopic.h; sourceTree = "<group>"; };
		14EE4AF71CFA8730002A28A9 /* XLTopic.m */ = {isa = PBXFileReference; fileEncoding = 4; lastKnownFileType = sourcecode.c.objc; path = XLTopic.m; sourceTree = "<group>"; };
		14EE4AF91CFA9B90002A28A9 /* XLConst.h */ = {isa = PBXFileReference; fileEncoding = 4; lastKnownFileType = sourcecode.c.h; path = XLConst.h; sourceTree = "<group>"; };
		14EE4AFA1CFA9B90002A28A9 /* XLConst.m */ = {isa = PBXFileReference; fileEncoding = 4; lastKnownFileType = sourcecode.c.objc; path = XLConst.m; sourceTree = "<group>"; };
		14EE4AFC1CFAA316002A28A9 /* XLTopicCell.h */ = {isa = PBXFileReference; fileEncoding = 4; lastKnownFileType = sourcecode.c.h; path = XLTopicCell.h; sourceTree = "<group>"; };
		14EE4AFD1CFAA316002A28A9 /* XLTopicCell.m */ = {isa = PBXFileReference; fileEncoding = 4; lastKnownFileType = sourcecode.c.objc; path = XLTopicCell.m; sourceTree = "<group>"; };
		14EE4AFE1CFAA316002A28A9 /* XLTopicCell.xib */ = {isa = PBXFileReference; fileEncoding = 4; lastKnownFileType = file.xib; path = XLTopicCell.xib; sourceTree = "<group>"; };
		14EE4B011CFAB30B002A28A9 /* NSDate+XLExtension.h */ = {isa = PBXFileReference; fileEncoding = 4; lastKnownFileType = sourcecode.c.h; path = "NSDate+XLExtension.h"; sourceTree = "<group>"; };
		14EE4B021CFAB30B002A28A9 /* NSDate+XLExtension.m */ = {isa = PBXFileReference; fileEncoding = 4; lastKnownFileType = sourcecode.c.objc; path = "NSDate+XLExtension.m"; sourceTree = "<group>"; };
		14EF36BA1D0BD03300917838 /* XLShowPictureViewController.h */ = {isa = PBXFileReference; fileEncoding = 4; lastKnownFileType = sourcecode.c.h; path = XLShowPictureViewController.h; sourceTree = "<group>"; };
		14EF36BB1D0BD03300917838 /* XLShowPictureViewController.m */ = {isa = PBXFileReference; fileEncoding = 4; lastKnownFileType = sourcecode.c.objc; path = XLShowPictureViewController.m; sourceTree = "<group>"; };
		14EF36BC1D0BD03300917838 /* XLShowPictureViewController.xib */ = {isa = PBXFileReference; fileEncoding = 4; lastKnownFileType = file.xib; path = XLShowPictureViewController.xib; sourceTree = "<group>"; };
		14F016221CD70BD000723793 /* XLFriendTrendsViewController.h */ = {isa = PBXFileReference; fileEncoding = 4; lastKnownFileType = sourcecode.c.h; path = XLFriendTrendsViewController.h; sourceTree = "<group>"; };
		14F016231CD70BD000723793 /* XLFriendTrendsViewController.m */ = {isa = PBXFileReference; fileEncoding = 4; lastKnownFileType = sourcecode.c.objc; path = XLFriendTrendsViewController.m; sourceTree = "<group>"; };
		14F016281CD70BD000723793 /* XLMeViewController.h */ = {isa = PBXFileReference; fileEncoding = 4; lastKnownFileType = sourcecode.c.h; path = XLMeViewController.h; sourceTree = "<group>"; };
		14F016291CD70BD000723793 /* XLMeViewController.m */ = {isa = PBXFileReference; fileEncoding = 4; lastKnownFileType = sourcecode.c.objc; path = XLMeViewController.m; sourceTree = "<group>"; };
		14F0162E1CD70BD000723793 /* XLNewViewController.h */ = {isa = PBXFileReference; fileEncoding = 4; lastKnownFileType = sourcecode.c.h; path = XLNewViewController.h; sourceTree = "<group>"; };
		14F0162F1CD70BD000723793 /* XLNewViewController.m */ = {isa = PBXFileReference; fileEncoding = 4; lastKnownFileType = sourcecode.c.objc; path = XLNewViewController.m; sourceTree = "<group>"; };
		14F016341CD70BD000723793 /* UIBarButtonItem+XLExtension.h */ = {isa = PBXFileReference; fileEncoding = 4; lastKnownFileType = sourcecode.c.h; path = "UIBarButtonItem+XLExtension.h"; sourceTree = "<group>"; };
		14F016351CD70BD000723793 /* UIBarButtonItem+XLExtension.m */ = {isa = PBXFileReference; fileEncoding = 4; lastKnownFileType = sourcecode.c.objc; path = "UIBarButtonItem+XLExtension.m"; sourceTree = "<group>"; };
		14F016361CD70BD000723793 /* UIView+XLExtension.h */ = {isa = PBXFileReference; fileEncoding = 4; lastKnownFileType = sourcecode.c.h; path = "UIView+XLExtension.h"; sourceTree = "<group>"; };
		14F016371CD70BD000723793 /* UIView+XLExtension.m */ = {isa = PBXFileReference; fileEncoding = 4; lastKnownFileType = sourcecode.c.objc; path = "UIView+XLExtension.m"; sourceTree = "<group>"; };
		14F016391CD70BD000723793 /* XLTabBarViewController.h */ = {isa = PBXFileReference; fileEncoding = 4; lastKnownFileType = sourcecode.c.h; path = XLTabBarViewController.h; sourceTree = "<group>"; };
		14F0163A1CD70BD000723793 /* XLTabBarViewController.m */ = {isa = PBXFileReference; fileEncoding = 4; lastKnownFileType = sourcecode.c.objc; path = XLTabBarViewController.m; sourceTree = "<group>"; };
		14F0163C1CD70BD000723793 /* XLTabBar.h */ = {isa = PBXFileReference; fileEncoding = 4; lastKnownFileType = sourcecode.c.h; path = XLTabBar.h; sourceTree = "<group>"; };
		14F0163D1CD70BD000723793 /* XLTabBar.m */ = {isa = PBXFileReference; fileEncoding = 4; lastKnownFileType = sourcecode.c.objc; path = XLTabBar.m; sourceTree = "<group>"; };
		14F0164C1CD70E6C00723793 /* XLNavigationController.h */ = {isa = PBXFileReference; fileEncoding = 4; lastKnownFileType = sourcecode.c.h; path = XLNavigationController.h; sourceTree = "<group>"; };
		14F0164D1CD70E6C00723793 /* XLNavigationController.m */ = {isa = PBXFileReference; fileEncoding = 4; lastKnownFileType = sourcecode.c.objc; path = XLNavigationController.m; sourceTree = "<group>"; };
		14F016551CD717FB00723793 /* XLEssenceViewController.h */ = {isa = PBXFileReference; fileEncoding = 4; lastKnownFileType = sourcecode.c.h; path = XLEssenceViewController.h; sourceTree = "<group>"; };
		14F016561CD717FB00723793 /* XLEssenceViewController.m */ = {isa = PBXFileReference; fileEncoding = 4; lastKnownFileType = sourcecode.c.objc; path = XLEssenceViewController.m; sourceTree = "<group>"; };
		14F0165A1CD719DF00723793 /* XLFriendTrendsViewController.xib */ = {isa = PBXFileReference; fileEncoding = 4; lastKnownFileType = file.xib; path = XLFriendTrendsViewController.xib; sourceTree = "<group>"; };
		14F0165C1CD7248900723793 /* XLRecommendViewController.h */ = {isa = PBXFileReference; fileEncoding = 4; lastKnownFileType = sourcecode.c.h; path = XLRecommendViewController.h; sourceTree = "<group>"; };
		14F0165D1CD7248900723793 /* XLRecommendViewController.m */ = {isa = PBXFileReference; fileEncoding = 4; lastKnownFileType = sourcecode.c.objc; path = XLRecommendViewController.m; sourceTree = "<group>"; };
		14F0165E1CD7248900723793 /* XLRecommendViewController.xib */ = {isa = PBXFileReference; fileEncoding = 4; lastKnownFileType = file.xib; path = XLRecommendViewController.xib; sourceTree = "<group>"; };
		9616132F882B6E4EA8A0EE44 /* Pods.release.xcconfig */ = {isa = PBXFileReference; includeInIndex = 1; lastKnownFileType = text.xcconfig; name = Pods.release.xcconfig; path = "Pods/Target Support Files/Pods/Pods.release.xcconfig"; sourceTree = "<group>"; };
		F014140BB20B9077742A710C /* Pods.debug.xcconfig */ = {isa = PBXFileReference; includeInIndex = 1; lastKnownFileType = text.xcconfig; name = Pods.debug.xcconfig; path = "Pods/Target Support Files/Pods/Pods.debug.xcconfig"; sourceTree = "<group>"; };
/* End PBXFileReference section */

/* Begin PBXFrameworksBuildPhase section */
		14523C3C1CD6521C00F44384 /* Frameworks */ = {
			isa = PBXFrameworksBuildPhase;
			buildActionMask = 2147483647;
			files = (
				59CF4C07611A99C6980577CF /* libPods.a in Frameworks */,
			);
			runOnlyForDeploymentPostprocessing = 0;
		};
		14523C551CD6521C00F44384 /* Frameworks */ = {
			isa = PBXFrameworksBuildPhase;
			buildActionMask = 2147483647;
			files = (
			);
			runOnlyForDeploymentPostprocessing = 0;
		};
/* End PBXFrameworksBuildPhase section */

/* Begin PBXGroup section */
		14523C361CD6521C00F44384 = {
			isa = PBXGroup;
			children = (
				14523C411CD6521C00F44384 /* 百思不得姐(KDL) */,
				14523C5B1CD6521C00F44384 /* 百思不得姐(KDL)UITests */,
				14523C401CD6521C00F44384 /* Products */,
				2EA25E4AA7F9CF177F18C25A /* Pods */,
				FD79B4F380F197429D0AFE00 /* Frameworks */,
			);
			sourceTree = "<group>";
		};
		14523C401CD6521C00F44384 /* Products */ = {
			isa = PBXGroup;
			children = (
				14523C3F1CD6521C00F44384 /* 百思不得姐(KDL).app */,
				14523C581CD6521C00F44384 /* 百思不得姐(KDL)UITests.xctest */,
			);
			name = Products;
			sourceTree = "<group>";
		};
		14523C411CD6521C00F44384 /* 百思不得姐(KDL) */ = {
			isa = PBXGroup;
			children = (
				14F016191CD70BD000723793 /* Classes */,
				14523C421CD6521C00F44384 /* Supporting Files */,
			);
			path = "百思不得姐(KDL)";
			sourceTree = "<group>";
		};
		14523C421CD6521C00F44384 /* Supporting Files */ = {
			isa = PBXGroup;
			children = (
				14523C4E1CD6521C00F44384 /* Assets.xcassets */,
				14523C531CD6521C00F44384 /* Info.plist */,
			);
			name = "Supporting Files";
			sourceTree = "<group>";
		};
		14523C5B1CD6521C00F44384 /* 百思不得姐(KDL)UITests */ = {
			isa = PBXGroup;
			children = (
				14523C5C1CD6521C00F44384 /* ______KDL_UITests.m */,
				14523C5E1CD6521C00F44384 /* Info.plist */,
			);
			path = "百思不得姐(KDL)UITests";
			sourceTree = "<group>";
		};
		14F016191CD70BD000723793 /* Classes */ = {
			isa = PBXGroup;
			children = (
				14F0161A1CD70BD000723793 /* Essence(精华) */,
				14F016201CD70BD000723793 /* FriendTrends(关注) */,
				14F016261CD70BD000723793 /* Me(我) */,
				14F0162C1CD70BD000723793 /* New(新帖) */,
				14F016321CD70BD000723793 /* Other(其它) */,
			);
			path = Classes;
			sourceTree = "<group>";
		};
		14F0161A1CD70BD000723793 /* Essence(精华) */ = {
			isa = PBXGroup;
			children = (
				14F0161B1CD70BD000723793 /* Controller */,
				14F0161E1CD70BD000723793 /* Model */,
				14F0161F1CD70BD000723793 /* View */,
			);
			path = "Essence(精华)";
			sourceTree = "<group>";
		};
		14F0161B1CD70BD000723793 /* Controller */ = {
			isa = PBXGroup;
			children = (
				14F016551CD717FB00723793 /* XLEssenceViewController.h */,
				14F016561CD717FB00723793 /* XLEssenceViewController.m */,
				145440CB1CE0A63B00B56002 /* XLRecommendTagsViewController.h */,
				145440CC1CE0A63B00B56002 /* XLRecommendTagsViewController.m */,
				145440CD1CE0A63B00B56002 /* XLRecommendTagsViewController.xib */,
				1466FF441CFAC57000571A87 /* XLTopicViewController.h */,
				1466FF451CFAC57000571A87 /* XLTopicViewController.m */,
				14EF36BA1D0BD03300917838 /* XLShowPictureViewController.h */,
				14EF36BB1D0BD03300917838 /* XLShowPictureViewController.m */,
				14EF36BC1D0BD03300917838 /* XLShowPictureViewController.xib */,
			);
			path = Controller;
			sourceTree = "<group>";
		};
		14F0161E1CD70BD000723793 /* Model */ = {
			isa = PBXGroup;
			children = (
				145440D51CE0AE7900B56002 /* XLRecommentTags.h */,
				145440D61CE0AE7900B56002 /* XLRecommentTags.m */,
				14EE4AF61CFA8730002A28A9 /* XLTopic.h */,
				14EE4AF71CFA8730002A28A9 /* XLTopic.m */,
			);
			path = Model;
			sourceTree = "<group>";
		};
		14F0161F1CD70BD000723793 /* View */ = {
			isa = PBXGroup;
			children = (
				145440D01CE0A72B00B56002 /* XLRecommendTagCell.h */,
				145440D11CE0A72B00B56002 /* XLRecommendTagCell.m */,
				145440D21CE0A72B00B56002 /* XLRecommendTagCell.xib */,
				14EE4AFC1CFAA316002A28A9 /* XLTopicCell.h */,
				14EE4AFD1CFAA316002A28A9 /* XLTopicCell.m */,
				14EE4AFE1CFAA316002A28A9 /* XLTopicCell.xib */,
				14E191F21D0A8C440063DB29 /* XLTopicPictureView.h */,
				14E191F31D0A8C440063DB29 /* XLTopicPictureView.m */,
				14E191F51D0A8C520063DB29 /* XLTopicPictureView.xib */,
				14C1AD7A1D0BD65100020125 /* XLProgressView.h */,
				14C1AD7B1D0BD65100020125 /* XLProgressView.m */,
			);
			path = View;
			sourceTree = "<group>";
		};
		14F016201CD70BD000723793 /* FriendTrends(关注) */ = {
			isa = PBXGroup;
			children = (
				14F016211CD70BD000723793 /* Controller */,
				14F016241CD70BD000723793 /* Model */,
				14F016251CD70BD000723793 /* View */,
			);
			path = "FriendTrends(关注)";
			sourceTree = "<group>";
		};
		14F016211CD70BD000723793 /* Controller */ = {
			isa = PBXGroup;
			children = (
				14F016221CD70BD000723793 /* XLFriendTrendsViewController.h */,
				14F016231CD70BD000723793 /* XLFriendTrendsViewController.m */,
				14F0165A1CD719DF00723793 /* XLFriendTrendsViewController.xib */,
				14F0165C1CD7248900723793 /* XLRecommendViewController.h */,
				14F0165D1CD7248900723793 /* XLRecommendViewController.m */,
				14F0165E1CD7248900723793 /* XLRecommendViewController.xib */,
				144683FF1CE20E0800D37E54 /* XLLoginRegisterViewController.h */,
				144684001CE20E0800D37E54 /* XLLoginRegisterViewController.m */,
				144684011CE20E0800D37E54 /* XLLoginRegisterViewController.xib */,
			);
			path = Controller;
			sourceTree = "<group>";
		};
		14F016241CD70BD000723793 /* Model */ = {
			isa = PBXGroup;
			children = (
				140EC8401CD8D134007A6FC1 /* XLRecommendCategory.h */,
				140EC8411CD8D134007A6FC1 /* XLRecommendCategory.m */,
				14461DD21CDA113800305DDD /* XLRecommendUser.h */,
				14461DD31CDA113800305DDD /* XLRecommendUser.m */,
			);
			path = Model;
			sourceTree = "<group>";
		};
		14F016251CD70BD000723793 /* View */ = {
			isa = PBXGroup;
			children = (
				140EC83B1CD8CCD6007A6FC1 /* XLRecommendCatogoryCell.h */,
				140EC83C1CD8CCD6007A6FC1 /* XLRecommendCatogoryCell.m */,
				140EC83D1CD8CCD6007A6FC1 /* XLRecommendCatogoryCell.xib */,
				14461DD51CDA14EF00305DDD /* XLRecommendUserCell.h */,
				14461DD61CDA14EF00305DDD /* XLRecommendUserCell.m */,
				14461DD71CDA14EF00305DDD /* XLRecommendUserCell.xib */,
				144684041CE2130300D37E54 /* XLVerticalButton.h */,
				144684051CE2130300D37E54 /* XLVerticalButton.m */,
				147CD9651CE85AD10047BD8C /* XLTextField.h */,
				147CD9661CE85AD10047BD8C /* XLTextField.m */,
			);
			path = View;
			sourceTree = "<group>";
		};
		14F016261CD70BD000723793 /* Me(我) */ = {
			isa = PBXGroup;
			children = (
				14F016271CD70BD000723793 /* Controller */,
				14F0162A1CD70BD000723793 /* Model */,
				14F0162B1CD70BD000723793 /* View */,
			);
			path = "Me(我)";
			sourceTree = "<group>";
		};
		14F016271CD70BD000723793 /* Controller */ = {
			isa = PBXGroup;
			children = (
				14F016281CD70BD000723793 /* XLMeViewController.h */,
				14F016291CD70BD000723793 /* XLMeViewController.m */,
			);
			path = Controller;
			sourceTree = "<group>";
		};
		14F0162A1CD70BD000723793 /* Model */ = {
			isa = PBXGroup;
			children = (
			);
			path = Model;
			sourceTree = "<group>";
		};
		14F0162B1CD70BD000723793 /* View */ = {
			isa = PBXGroup;
			children = (
			);
			path = View;
			sourceTree = "<group>";
		};
		14F0162C1CD70BD000723793 /* New(新帖) */ = {
			isa = PBXGroup;
			children = (
				14F0162D1CD70BD000723793 /* Controller */,
				14F016301CD70BD000723793 /* Model */,
				14F016311CD70BD000723793 /* View */,
			);
			path = "New(新帖)";
			sourceTree = "<group>";
		};
		14F0162D1CD70BD000723793 /* Controller */ = {
			isa = PBXGroup;
			children = (
				14F0162E1CD70BD000723793 /* XLNewViewController.h */,
				14F0162F1CD70BD000723793 /* XLNewViewController.m */,
			);
			path = Controller;
			sourceTree = "<group>";
		};
		14F016301CD70BD000723793 /* Model */ = {
			isa = PBXGroup;
			children = (
			);
			path = Model;
			sourceTree = "<group>";
		};
		14F016311CD70BD000723793 /* View */ = {
			isa = PBXGroup;
			children = (
			);
			path = View;
			sourceTree = "<group>";
		};
		14F016321CD70BD000723793 /* Other(其它) */ = {
			isa = PBXGroup;
			children = (
				14F016331CD70BD000723793 /* Category */,
				14F016381CD70BD000723793 /* Controller */,
				14F0163B1CD70BD000723793 /* View */,
				14523C451CD6521C00F44384 /* AppDelegate.h */,
				14523C461CD6521C00F44384 /* AppDelegate.m */,
				14523C431CD6521C00F44384 /* main.m */,
				140EC8361CD8BCF3007A6FC1 /* Foundation+Log.m */,
				14523C7C1CD662D600F44384 /* XLPrefixHeader.pch */,
				14EE4AF91CFA9B90002A28A9 /* XLConst.h */,
				14EE4AFA1CFA9B90002A28A9 /* XLConst.m */,
			);
			path = "Other(其它)";
			sourceTree = "<group>";
		};
		14F016331CD70BD000723793 /* Category */ = {
			isa = PBXGroup;
			children = (
				14F016341CD70BD000723793 /* UIBarButtonItem+XLExtension.h */,
				14F016351CD70BD000723793 /* UIBarButtonItem+XLExtension.m */,
				14F016361CD70BD000723793 /* UIView+XLExtension.h */,
				14F016371CD70BD000723793 /* UIView+XLExtension.m */,
				14EE4B011CFAB30B002A28A9 /* NSDate+XLExtension.h */,
				14EE4B021CFAB30B002A28A9 /* NSDate+XLExtension.m */,
			);
			path = Category;
			sourceTree = "<group>";
		};
		14F016381CD70BD000723793 /* Controller */ = {
			isa = PBXGroup;
			children = (
				14F016391CD70BD000723793 /* XLTabBarViewController.h */,
				14F0163A1CD70BD000723793 /* XLTabBarViewController.m */,
				14F0164C1CD70E6C00723793 /* XLNavigationController.h */,
				14F0164D1CD70E6C00723793 /* XLNavigationController.m */,
				147282F51D1F98050058B286 /* XLPublishView.h */,
				147282F61D1F98050058B286 /* XLPublishView.m */,
				147282F71D1F98050058B286 /* XLPublishView.xib */,
			);
			path = Controller;
			sourceTree = "<group>";
		};
		14F0163B1CD70BD000723793 /* View */ = {
			isa = PBXGroup;
			children = (
				14F0163C1CD70BD000723793 /* XLTabBar.h */,
				14F0163D1CD70BD000723793 /* XLTabBar.m */,
				142D2A381CEB3C4200F624E7 /* XLPushGuideView.h */,
				142D2A391CEB3C4200F624E7 /* XLPushGuideView.m */,
				142D2A3B1CEB3C5300F624E7 /* XLPushGuideView.xib */,
			);
			path = View;
			sourceTree = "<group>";
		};
		2EA25E4AA7F9CF177F18C25A /* Pods */ = {
			isa = PBXGroup;
			children = (
				F014140BB20B9077742A710C /* Pods.debug.xcconfig */,
				9616132F882B6E4EA8A0EE44 /* Pods.release.xcconfig */,
			);
			name = Pods;
			sourceTree = "<group>";
		};
		FD79B4F380F197429D0AFE00 /* Frameworks */ = {
			isa = PBXGroup;
			children = (
				0E30F367BB59E04CAC0D2C7C /* libPods.a */,
			);
			name = Frameworks;
			sourceTree = "<group>";
		};
/* End PBXGroup section */

/* Begin PBXNativeTarget section */
		14523C3E1CD6521C00F44384 /* 百思不得姐(KDL) */ = {
			isa = PBXNativeTarget;
			buildConfigurationList = 14523C611CD6521C00F44384 /* Build configuration list for PBXNativeTarget "百思不得姐(KDL)" */;
			buildPhases = (
				3907326079AD9960CF283D93 /* Check Pods Manifest.lock */,
				14523C3B1CD6521C00F44384 /* Sources */,
				14523C3C1CD6521C00F44384 /* Frameworks */,
				14523C3D1CD6521C00F44384 /* Resources */,
				D781FDFD44166F198A747281 /* Embed Pods Frameworks */,
				367F2DE4956D60125432F68A /* Copy Pods Resources */,
			);
			buildRules = (
			);
			dependencies = (
			);
			name = "百思不得姐(KDL)";
			productName = "百思不得姐(KDL)";
			productReference = 14523C3F1CD6521C00F44384 /* 百思不得姐(KDL).app */;
			productType = "com.apple.product-type.application";
		};
		14523C571CD6521C00F44384 /* 百思不得姐(KDL)UITests */ = {
			isa = PBXNativeTarget;
			buildConfigurationList = 14523C641CD6521C00F44384 /* Build configuration list for PBXNativeTarget "百思不得姐(KDL)UITests" */;
			buildPhases = (
				14523C541CD6521C00F44384 /* Sources */,
				14523C551CD6521C00F44384 /* Frameworks */,
				14523C561CD6521C00F44384 /* Resources */,
			);
			buildRules = (
			);
			dependencies = (
				14523C5A1CD6521C00F44384 /* PBXTargetDependency */,
			);
			name = "百思不得姐(KDL)UITests";
			productName = "百思不得姐(KDL)UITests";
			productReference = 14523C581CD6521C00F44384 /* 百思不得姐(KDL)UITests.xctest */;
			productType = "com.apple.product-type.bundle.ui-testing";
		};
/* End PBXNativeTarget section */

/* Begin PBXProject section */
		14523C371CD6521C00F44384 /* Project object */ = {
			isa = PBXProject;
			attributes = {
				CLASSPREFIX = XL;
				LastUpgradeCheck = 0730;
				ORGANIZATIONNAME = kdl;
				TargetAttributes = {
					14523C3E1CD6521C00F44384 = {
						CreatedOnToolsVersion = 7.3;
					};
					14523C571CD6521C00F44384 = {
						CreatedOnToolsVersion = 7.3;
						DevelopmentTeam = 6675GYERZC;
						TestTargetID = 14523C3E1CD6521C00F44384;
					};
				};
			};
			buildConfigurationList = 14523C3A1CD6521C00F44384 /* Build configuration list for PBXProject "百思不得姐(KDL)" */;
			compatibilityVersion = "Xcode 3.2";
			developmentRegion = English;
			hasScannedForEncodings = 0;
			knownRegions = (
				en,
				Base,
			);
			mainGroup = 14523C361CD6521C00F44384;
			productRefGroup = 14523C401CD6521C00F44384 /* Products */;
			projectDirPath = "";
			projectRoot = "";
			targets = (
				14523C3E1CD6521C00F44384 /* 百思不得姐(KDL) */,
				14523C571CD6521C00F44384 /* 百思不得姐(KDL)UITests */,
			);
		};
/* End PBXProject section */

/* Begin PBXResourcesBuildPhase section */
		14523C3D1CD6521C00F44384 /* Resources */ = {
			isa = PBXResourcesBuildPhase;
			buildActionMask = 2147483647;
			files = (
				14F0165B1CD719DF00723793 /* XLFriendTrendsViewController.xib in Resources */,
				144684031CE20E0800D37E54 /* XLLoginRegisterViewController.xib in Resources */,
				147282F91D1F98050058B286 /* XLPublishView.xib in Resources */,
				14461DD91CDA14EF00305DDD /* XLRecommendUserCell.xib in Resources */,
				14EE4B001CFAA316002A28A9 /* XLTopicCell.xib in Resources */,
				145440CF1CE0A63B00B56002 /* XLRecommendTagsViewController.xib in Resources */,
				14E191F61D0A8C520063DB29 /* XLTopicPictureView.xib in Resources */,
				145440D41CE0A72B00B56002 /* XLRecommendTagCell.xib in Resources */,
				142D2A3C1CEB3C5300F624E7 /* XLPushGuideView.xib in Resources */,
				14EF36BE1D0BD03300917838 /* XLShowPictureViewController.xib in Resources */,
				14F016601CD7248900723793 /* XLRecommendViewController.xib in Resources */,
				140EC83F1CD8CCD6007A6FC1 /* XLRecommendCatogoryCell.xib in Resources */,
				14523C4F1CD6521C00F44384 /* Assets.xcassets in Resources */,
			);
			runOnlyForDeploymentPostprocessing = 0;
		};
		14523C561CD6521C00F44384 /* Resources */ = {
			isa = PBXResourcesBuildPhase;
			buildActionMask = 2147483647;
			files = (
			);
			runOnlyForDeploymentPostprocessing = 0;
		};
/* End PBXResourcesBuildPhase section */

/* Begin PBXShellScriptBuildPhase section */
		367F2DE4956D60125432F68A /* Copy Pods Resources */ = {
			isa = PBXShellScriptBuildPhase;
			buildActionMask = 2147483647;
			files = (
			);
			inputPaths = (
			);
			name = "Copy Pods Resources";
			outputPaths = (
			);
			runOnlyForDeploymentPostprocessing = 0;
			shellPath = /bin/sh;
			shellScript = "\"${SRCROOT}/Pods/Target Support Files/Pods/Pods-resources.sh\"\n";
			showEnvVarsInLog = 0;
		};
		3907326079AD9960CF283D93 /* Check Pods Manifest.lock */ = {
			isa = PBXShellScriptBuildPhase;
			buildActionMask = 2147483647;
			files = (
			);
			inputPaths = (
			);
			name = "Check Pods Manifest.lock";
			outputPaths = (
			);
			runOnlyForDeploymentPostprocessing = 0;
			shellPath = /bin/sh;
			shellScript = "diff \"${PODS_ROOT}/../Podfile.lock\" \"${PODS_ROOT}/Manifest.lock\" > /dev/null\nif [[ $? != 0 ]] ; then\n    cat << EOM\nerror: The sandbox is not in sync with the Podfile.lock. Run 'pod install' or update your CocoaPods installation.\nEOM\n    exit 1\nfi\n";
			showEnvVarsInLog = 0;
		};
		D781FDFD44166F198A747281 /* Embed Pods Frameworks */ = {
			isa = PBXShellScriptBuildPhase;
			buildActionMask = 2147483647;
			files = (
			);
			inputPaths = (
			);
			name = "Embed Pods Frameworks";
			outputPaths = (
			);
			runOnlyForDeploymentPostprocessing = 0;
			shellPath = /bin/sh;
			shellScript = "\"${SRCROOT}/Pods/Target Support Files/Pods/Pods-frameworks.sh\"\n";
			showEnvVarsInLog = 0;
		};
/* End PBXShellScriptBuildPhase section */

/* Begin PBXSourcesBuildPhase section */
		14523C3B1CD6521C00F44384 /* Sources */ = {
			isa = PBXSourcesBuildPhase;
			buildActionMask = 2147483647;
			files = (
				14EF36BD1D0BD03300917838 /* XLShowPictureViewController.m in Sources */,
				14F016401CD70BD000723793 /* XLMeViewController.m in Sources */,
				14EE4AF81CFA8730002A28A9 /* XLTopic.m in Sources */,
				14F0163F1CD70BD000723793 /* XLFriendTrendsViewController.m in Sources */,
				14523C471CD6521C00F44384 /* AppDelegate.m in Sources */,
				14F016411CD70BD000723793 /* XLNewViewController.m in Sources */,
				144684021CE20E0800D37E54 /* XLLoginRegisterViewController.m in Sources */,
				1466FF461CFAC57000571A87 /* XLTopicViewController.m in Sources */,
				14E191F41D0A8C440063DB29 /* XLTopicPictureView.m in Sources */,
				14F016441CD70BD000723793 /* XLTabBarViewController.m in Sources */,
				145440D71CE0AE7900B56002 /* XLRecommentTags.m in Sources */,
				14F016431CD70BD000723793 /* UIView+XLExtension.m in Sources */,
				14523C441CD6521C00F44384 /* main.m in Sources */,
				14EE4AFF1CFAA316002A28A9 /* XLTopicCell.m in Sources */,
				142D2A3A1CEB3C4200F624E7 /* XLPushGuideView.m in Sources */,
				14F016451CD70BD000723793 /* XLTabBar.m in Sources */,
				147282F81D1F98050058B286 /* XLPublishView.m in Sources */,
				147CD9671CE85AD10047BD8C /* XLTextField.m in Sources */,
				140EC83E1CD8CCD6007A6FC1 /* XLRecommendCatogoryCell.m in Sources */,
				14461DD41CDA113800305DDD /* XLRecommendUser.m in Sources */,
				14F0164E1CD70E6C00723793 /* XLNavigationController.m in Sources */,
				14F016421CD70BD000723793 /* UIBarButtonItem+XLExtension.m in Sources */,
				140EC8371CD8BCF3007A6FC1 /* Foundation+Log.m in Sources */,
				14461DD81CDA14EF00305DDD /* XLRecommendUserCell.m in Sources */,
				145440D31CE0A72B00B56002 /* XLRecommendTagCell.m in Sources */,
				145440CE1CE0A63B00B56002 /* XLRecommendTagsViewController.m in Sources */,
				14EE4B031CFAB30B002A28A9 /* NSDate+XLExtension.m in Sources */,
				140EC8421CD8D134007A6FC1 /* XLRecommendCategory.m in Sources */,
				14EE4AFB1CFA9B90002A28A9 /* XLConst.m in Sources */,
				14F016571CD717FB00723793 /* XLEssenceViewController.m in Sources */,
				14F0165F1CD7248900723793 /* XLRecommendViewController.m in Sources */,
				144684061CE2130300D37E54 /* XLVerticalButton.m in Sources */,
				14C1AD7C1D0BD65100020125 /* XLProgressView.m in Sources */,
			);
			runOnlyForDeploymentPostprocessing = 0;
		};
		14523C541CD6521C00F44384 /* Sources */ = {
			isa = PBXSourcesBuildPhase;
			buildActionMask = 2147483647;
			files = (
				14523C5D1CD6521C00F44384 /* ______KDL_UITests.m in Sources */,
			);
			runOnlyForDeploymentPostprocessing = 0;
		};
/* End PBXSourcesBuildPhase section */

/* Begin PBXTargetDependency section */
		14523C5A1CD6521C00F44384 /* PBXTargetDependency */ = {
			isa = PBXTargetDependency;
			target = 14523C3E1CD6521C00F44384 /* 百思不得姐(KDL) */;
			targetProxy = 14523C591CD6521C00F44384 /* PBXContainerItemProxy */;
		};
/* End PBXTargetDependency section */

/* Begin XCBuildConfiguration section */
		14523C5F1CD6521C00F44384 /* Debug */ = {
			isa = XCBuildConfiguration;
			buildSettings = {
				ALWAYS_SEARCH_USER_PATHS = NO;
				CLANG_ANALYZER_NONNULL = YES;
				CLANG_CXX_LANGUAGE_STANDARD = "gnu++0x";
				CLANG_CXX_LIBRARY = "libc++";
				CLANG_ENABLE_MODULES = YES;
				CLANG_ENABLE_OBJC_ARC = YES;
				CLANG_WARN_BOOL_CONVERSION = YES;
				CLANG_WARN_CONSTANT_CONVERSION = YES;
				CLANG_WARN_DIRECT_OBJC_ISA_USAGE = YES_ERROR;
				CLANG_WARN_EMPTY_BODY = YES;
				CLANG_WARN_ENUM_CONVERSION = YES;
				CLANG_WARN_INT_CONVERSION = YES;
				CLANG_WARN_OBJC_ROOT_CLASS = YES_ERROR;
				CLANG_WARN_UNREACHABLE_CODE = YES;
				CLANG_WARN__DUPLICATE_METHOD_MATCH = YES;
				"CODE_SIGN_IDENTITY[sdk=iphoneos*]" = "iPhone Developer";
				COPY_PHASE_STRIP = NO;
				DEBUG_INFORMATION_FORMAT = dwarf;
				ENABLE_STRICT_OBJC_MSGSEND = YES;
				ENABLE_TESTABILITY = YES;
				GCC_C_LANGUAGE_STANDARD = gnu99;
				GCC_DYNAMIC_NO_PIC = NO;
				GCC_NO_COMMON_BLOCKS = YES;
				GCC_OPTIMIZATION_LEVEL = 0;
				GCC_PREPROCESSOR_DEFINITIONS = (
					"DEBUG=1",
					"$(inherited)",
				);
				GCC_WARN_64_TO_32_BIT_CONVERSION = YES;
				GCC_WARN_ABOUT_RETURN_TYPE = YES_ERROR;
				GCC_WARN_UNDECLARED_SELECTOR = YES;
				GCC_WARN_UNINITIALIZED_AUTOS = YES_AGGRESSIVE;
				GCC_WARN_UNUSED_FUNCTION = YES;
				GCC_WARN_UNUSED_VARIABLE = YES;
				IPHONEOS_DEPLOYMENT_TARGET = 9.3;
				MTL_ENABLE_DEBUG_INFO = YES;
				ONLY_ACTIVE_ARCH = YES;
				SDKROOT = iphoneos;
				TARGETED_DEVICE_FAMILY = "1,2";
			};
			name = Debug;
		};
		14523C601CD6521C00F44384 /* Release */ = {
			isa = XCBuildConfiguration;
			buildSettings = {
				ALWAYS_SEARCH_USER_PATHS = NO;
				CLANG_ANALYZER_NONNULL = YES;
				CLANG_CXX_LANGUAGE_STANDARD = "gnu++0x";
				CLANG_CXX_LIBRARY = "libc++";
				CLANG_ENABLE_MODULES = YES;
				CLANG_ENABLE_OBJC_ARC = YES;
				CLANG_WARN_BOOL_CONVERSION = YES;
				CLANG_WARN_CONSTANT_CONVERSION = YES;
				CLANG_WARN_DIRECT_OBJC_ISA_USAGE = YES_ERROR;
				CLANG_WARN_EMPTY_BODY = YES;
				CLANG_WARN_ENUM_CONVERSION = YES;
				CLANG_WARN_INT_CONVERSION = YES;
				CLANG_WARN_OBJC_ROOT_CLASS = YES_ERROR;
				CLANG_WARN_UNREACHABLE_CODE = YES;
				CLANG_WARN__DUPLICATE_METHOD_MATCH = YES;
				"CODE_SIGN_IDENTITY[sdk=iphoneos*]" = "iPhone Developer";
				COPY_PHASE_STRIP = NO;
				DEBUG_INFORMATION_FORMAT = "dwarf-with-dsym";
				ENABLE_NS_ASSERTIONS = NO;
				ENABLE_STRICT_OBJC_MSGSEND = YES;
				GCC_C_LANGUAGE_STANDARD = gnu99;
				GCC_NO_COMMON_BLOCKS = YES;
				GCC_WARN_64_TO_32_BIT_CONVERSION = YES;
				GCC_WARN_ABOUT_RETURN_TYPE = YES_ERROR;
				GCC_WARN_UNDECLARED_SELECTOR = YES;
				GCC_WARN_UNINITIALIZED_AUTOS = YES_AGGRESSIVE;
				GCC_WARN_UNUSED_FUNCTION = YES;
				GCC_WARN_UNUSED_VARIABLE = YES;
				IPHONEOS_DEPLOYMENT_TARGET = 9.3;
				MTL_ENABLE_DEBUG_INFO = NO;
				SDKROOT = iphoneos;
				TARGETED_DEVICE_FAMILY = "1,2";
				VALIDATE_PRODUCT = YES;
			};
			name = Release;
		};
		14523C621CD6521C00F44384 /* Debug */ = {
			isa = XCBuildConfiguration;
			baseConfigurationReference = F014140BB20B9077742A710C /* Pods.debug.xcconfig */;
			buildSettings = {
				ASSETCATALOG_COMPILER_APPICON_NAME = AppIcon;
				ASSETCATALOG_COMPILER_LAUNCHIMAGE_NAME = LaunchImage;
				CODE_SIGN_IDENTITY = "iPhone Developer";
				GCC_PRECOMPILE_PREFIX_HEADER = YES;
				GCC_PREFIX_HEADER = "百思不得姐(KDL)/XLPrefixHeader.pch";
				INFOPLIST_FILE = "百思不得姐(KDL)/Info.plist";
				LD_RUNPATH_SEARCH_PATHS = "$(inherited) @executable_path/Frameworks";
				PRODUCT_BUNDLE_IDENTIFIER = "com.kdl.------KDL-";
				PRODUCT_NAME = "$(TARGET_NAME)";
			};
			name = Debug;
		};
		14523C631CD6521C00F44384 /* Release */ = {
			isa = XCBuildConfiguration;
			baseConfigurationReference = 9616132F882B6E4EA8A0EE44 /* Pods.release.xcconfig */;
			buildSettings = {
				ASSETCATALOG_COMPILER_APPICON_NAME = AppIcon;
				ASSETCATALOG_COMPILER_LAUNCHIMAGE_NAME = LaunchImage;
				CODE_SIGN_IDENTITY = "iPhone Developer";
				GCC_PRECOMPILE_PREFIX_HEADER = YES;
				GCC_PREFIX_HEADER = "百思不得姐(KDL)/XLPrefixHeader.pch";
				INFOPLIST_FILE = "百思不得姐(KDL)/Info.plist";
				LD_RUNPATH_SEARCH_PATHS = "$(inherited) @executable_path/Frameworks";
				PRODUCT_BUNDLE_IDENTIFIER = "com.kdl.------KDL-";
				PRODUCT_NAME = "$(TARGET_NAME)";
			};
			name = Release;
		};
		14523C651CD6521C00F44384 /* Debug */ = {
			isa = XCBuildConfiguration;
			buildSettings = {
				INFOPLIST_FILE = "百思不得姐(KDL)UITests/Info.plist";
				LD_RUNPATH_SEARCH_PATHS = "$(inherited) @executable_path/Frameworks @loader_path/Frameworks";
				PRODUCT_BUNDLE_IDENTIFIER = "com.kdl.------KDL-UITests";
				PRODUCT_NAME = "$(TARGET_NAME)";
				TEST_TARGET_NAME = "百思不得姐(KDL)";
			};
			name = Debug;
		};
		14523C661CD6521C00F44384 /* Release */ = {
			isa = XCBuildConfiguration;
			buildSettings = {
				INFOPLIST_FILE = "百思不得姐(KDL)UITests/Info.plist";
				LD_RUNPATH_SEARCH_PATHS = "$(inherited) @executable_path/Frameworks @loader_path/Frameworks";
				PRODUCT_BUNDLE_IDENTIFIER = "com.kdl.------KDL-UITests";
				PRODUCT_NAME = "$(TARGET_NAME)";
				TEST_TARGET_NAME = "百思不得姐(KDL)";
			};
			name = Release;
		};
/* End XCBuildConfiguration section */

/* Begin XCConfigurationList section */
		14523C3A1CD6521C00F44384 /* Build configuration list for PBXProject "百思不得姐(KDL)" */ = {
			isa = XCConfigurationList;
			buildConfigurations = (
				14523C5F1CD6521C00F44384 /* Debug */,
				14523C601CD6521C00F44384 /* Release */,
			);
			defaultConfigurationIsVisible = 0;
			defaultConfigurationName = Release;
		};
		14523C611CD6521C00F44384 /* Build configuration list for PBXNativeTarget "百思不得姐(KDL)" */ = {
			isa = XCConfigurationList;
			buildConfigurations = (
				14523C621CD6521C00F44384 /* Debug */,
				14523C631CD6521C00F44384 /* Release */,
			);
			defaultConfigurationIsVisible = 0;
			defaultConfigurationName = Release;
		};
		14523C641CD6521C00F44384 /* Build configuration list for PBXNativeTarget "百思不得姐(KDL)UITests" */ = {
			isa = XCConfigurationList;
			buildConfigurations = (
				14523C651CD6521C00F44384 /* Debug */,
				14523C661CD6521C00F44384 /* Release */,
			);
			defaultConfigurationIsVisible = 0;
			defaultConfigurationName = Release;
		};
/* End XCConfigurationList section */
	};
	rootObject = 14523C371CD6521C00F44384 /* Project object */;
}
